
Microsoft Visual Studio Solution File, Format Version 12.00
# Visual Studio Version 17
VisualStudioVersion = 17.10.34916.146
MinimumVisualStudioVersion = 10.0.40219.1
Project("{FAE04EC0-301F-11D3-BF4B-00C04F79EFBC}") = "Recursive_Descent_Parser", "Recursive_Descent_Parser\Recursive_Descent_Parser.csproj", "{1701657D-BB53-4CC6-803F-8AE1440E0B04}"
EndProject
Global
	GlobalSection(SolutionConfigurationPlatforms) = preSolution
		Debug|Any CPU = Debug|Any CPU
		Release|Any CPU = Release|Any CPU
	EndGlobalSection
	GlobalSection(ProjectConfigurationPlatforms) = postSolution
		{1701657D-BB53-4CC6-803F-8AE1440E0B04}.Debug|Any CPU.ActiveCfg = Debug|Any CPU
		{1701657D-BB53-4CC6-803F-8AE1440E0B04}.Debug|Any CPU.Build.0 = Debug|Any CPU
		{1701657D-BB53-4CC6-803F-8AE1440E0B04}.Release|Any CPU.ActiveCfg = Release|Any CPU
		{1701657D-BB53-4CC6-803F-8AE1440E0B04}.Release|Any CPU.Build.0 = Release|Any CPU
	EndGlobalSection
	GlobalSection(SolutionProperties) = preSolution
		HideSolutionNode = FALSE
	EndGlobalSection
	GlobalSection(ExtensibilityGlobals) = postSolution
		SolutionGuid = {014C0F7F-3F23-4615-B58A-B099883A7D94}
	EndGlobalSection
EndGlobal
